
Microsoft Visual Studio Solution File, Format Version 10.00
# Visual Studio 2008
Project("{8BC9CEB8-8B4A-11D0-8D11-00A0C91BC942}") = "font_draw", "font_draw.vcproj", "{41310EF9-21EF-4886-84CF-05EDF99D9230}"
EndProject
Global
	GlobalSection(SolutionConfigurationPlatforms) = preSolution
		Debug|Win32 = Debug|Win32
		Release|Win32 = Release|Win32
	EndGlobalSection
	GlobalSection(ProjectConfigurationPlatforms) = postSolution
		{41310EF9-21EF-4886-84CF-05EDF99D9230}.Debug|Win32.ActiveCfg = Debug|Win32
		{41310EF9-21EF-4886-84CF-05EDF99D9230}.Debug|Win32.Build.0 = Debug|Win32
		{41310EF9-21EF-4886-84CF-05EDF99D9230}.Release|Win32.ActiveCfg = Release|Win32
		{41310EF9-21EF-4886-84CF-05EDF99D9230}.Release|Win32.Build.0 = Release|Win32
	EndGlobalSection
	GlobalSection(SolutionProperties) = preSolution
		HideSolutionNode = FALSE
	EndGlobalSection
EndGlobal
